# This file was autogenerated by Stack.
# You should not edit this file by hand.
# For more information, please see the documentation at:
#   https://docs.haskellstack.org/en/stable/topics/lock_files

packages: []
snapshots:
- completed:
    sha256: 20f774dbfc635e6966b2e9eed812d0cf0ab2e6ca5eb5ba16e33b30132328750c
    size: 775711
    url: https://raw.githubusercontent.com/commercialhaskell/stackage-snapshots/master/nightly/2026/9/24.yaml
  original: nightly-2026-09-24
